
Microsoft Visual Studio Solution File, Format Version 12.00
# Visual Studio Version 17
VisualStudioVersion = 17.4.33403.182
MinimumVisualStudioVersion = 10.0.40219.1
Project("{FAE04EC0-301F-11D3-BF4B-00C04F79EFBC}") = "File_org_personal_archive_projecy", "File_org_personal_archive_projecy.csproj", "{5CAA2540-600C-4FC0-AD50-761363EAF741}"
EndProject
Global
	GlobalSection(SolutionConfigurationPlatforms) = preSolution
		Debug|Any CPU = Debug|Any CPU
		Release|Any CPU = Release|Any CPU
	EndGlobalSection
	GlobalSection(ProjectConfigurationPlatforms) = postSolution
		{5CAA2540-600C-4FC0-AD50-761363EAF741}.Debug|Any CPU.ActiveCfg = Debug|Any CPU
		{5CAA2540-600C-4FC0-AD50-761363EAF741}.Debug|Any CPU.Build.0 = Debug|Any CPU
		{5CAA2540-600C-4FC0-AD50-761363EAF741}.Release|Any CPU.ActiveCfg = Release|Any CPU
		{5CAA2540-600C-4FC0-AD50-761363EAF741}.Release|Any CPU.Build.0 = Release|Any CPU
	EndGlobalSection
	GlobalSection(SolutionProperties) = preSolution
		HideSolutionNode = FALSE
	EndGlobalSection
	GlobalSection(ExtensibilityGlobals) = postSolution
		SolutionGuid = {57896509-3EC2-4947-8CDE-8CA0D84750CA}
	EndGlobalSection
EndGlobal
